// !$*UTF8*$!
{
	archiveVersion = 1;
	classes = {
	};
	objectVersion = 46;
	objects = {

/* Begin PBXBuildFile section */
		2990F6B7189704FB005D52BB /* Foundation.framework in Frameworks */ = {isa = PBXBuildFile; fileRef = 2990F6B6189704FB005D52BB /* Foundation.framework */; };
		2990F6B9189704FB005D52BB /* CoreGraphics.framework in Frameworks */ = {isa = PBXBuildFile; fileRef = 2990F6B8189704FB005D52BB /* CoreGraphics.framework */; };
		2990F6BB189704FB005D52BB /* UIKit.framework in Frameworks */ = {isa = PBXBuildFile; fileRef = 2990F6BA189704FB005D52BB /* UIKit.framework */; };
		2990F6C1189704FC005D52BB /* InfoPlist.strings in Resources */ = {isa = PBXBuildFile; fileRef = 2990F6BF189704FC005D52BB /* InfoPlist.strings */; };
		2990F6C3189704FC005D52BB /* main.m in Sources */ = {isa = PBXBuildFile; fileRef = 2990F6C2189704FC005D52BB /* main.m */; };
		2990F6C7189704FC005D52BB /* KSNAppDelegate.m in Sources */ = {isa = PBXBuildFile; fileRef = 2990F6C6189704FC005D52BB /* KSNAppDelegate.m */; };
		2990F6CA189704FC005D52BB /* Main.storyboard in Resources */ = {isa = PBXBuildFile; fileRef = 2990F6C8189704FC005D52BB /* Main.storyboard */; };
		2990F6CD189704FC005D52BB /* KSNViewController.m in Sources */ = {isa = PBXBuildFile; fileRef = 2990F6CC189704FC005D52BB /* KSNViewController.m */; };
		2990F6CF189704FC005D52BB /* Images.xcassets in Resources */ = {isa = PBXBuildFile; fileRef = 2990F6CE189704FC005D52BB /* Images.xcassets */; };
		2990F6D6189704FC005D52BB /* XCTest.framework in Frameworks */ = {isa = PBXBuildFile; fileRef = 2990F6D5189704FC005D52BB /* XCTest.framework */; };
		2990F6D7189704FC005D52BB /* Foundation.framework in Frameworks */ = {isa = PBXBuildFile; fileRef = 2990F6B6189704FB005D52BB /* Foundation.framework */; };
		2990F6D8189704FC005D52BB /* UIKit.framework in Frameworks */ = {isa = PBXBuildFile; fileRef = 2990F6BA189704FB005D52BB /* UIKit.framework */; };
		2990F6E0189704FC005D52BB /* InfoPlist.strings in Resources */ = {isa = PBXBuildFile; fileRef = 2990F6DE189704FC005D52BB /* InfoPlist.strings */; };
		2990F6E2189704FC005D52BB /* SoundCloudAppTests.m in Sources */ = {isa = PBXBuildFile; fileRef = 2990F6E1189704FC005D52BB /* SoundCloudAppTests.m */; };
/* End PBXBuildFile section */

/* Begin PBXContainerItemProxy section */
		2990F6D9189704FC005D52BB /* PBXContainerItemProxy */ = {
			isa = PBXContainerItemProxy;
			containerPortal = 2990F6AB189704FB005D52BB /* Project object */;
			proxyType = 1;
			remoteGlobalIDString = 2990F6B2189704FB005D52BB;
			remoteInfo = SoundCloudApp;
		};
/* End PBXContainerItemProxy section */

/* Begin PBXFileReference section */
		2990F6B3189704FB005D52BB /* SoundCloudApp.app */ = {isa = PBXFileReference; explicitFileType = wrapper.application; includeInIndex = 0; path = SoundCloudApp.app; sourceTree = BUILT_PRODUCTS_DIR; };
		2990F6B6189704FB005D52BB /* Foundation.framework */ = {isa = PBXFileReference; lastKnownFileType = wrapper.framework; name = Foundation.framework; path = System/Library/Frameworks/Foundation.framework; sourceTree = SDKROOT; };
		2990F6B8189704FB005D52BB /* CoreGraphics.framework */ = {isa = PBXFileReference; lastKnownFileType = wrapper.framework; name = CoreGraphics.framework; path = System/Library/Frameworks/CoreGraphics.framework; sourceTree = SDKROOT; };
		2990F6BA189704FB005D52BB /* UIKit.framework */ = {isa = PBXFileReference; lastKnownFileType = wrapper.framework; name = UIKit.framework; path = System/Library/Frameworks/UIKit.framework; sourceTree = SDKROOT; };
		2990F6BE189704FC005D52BB /* SoundCloudApp-Info.plist */ = {isa = PBXFileReference; lastKnownFileType = text.plist.xml; path = "SoundCloudApp-Info.plist"; sourceTree = "<group>"; };
		2990F6C0189704FC005D52BB /* en */ = {isa = PBXFileReference; lastKnownFileType = text.plist.strings; name = en; path = en.lproj/InfoPlist.strings; sourceTree = "<group>"; };
		2990F6C2189704FC005D52BB /* main.m */ = {isa = PBXFileReference; lastKnownFileType = sourcecode.c.objc; path = main.m; sourceTree = "<group>"; };
		2990F6C4189704FC005D52BB /* SoundCloudApp-Prefix.pch */ = {isa = PBXFileReference; lastKnownFileType = sourcecode.c.h; path = "SoundCloudApp-Prefix.pch"; sourceTree = "<group>"; };
		2990F6C5189704FC005D52BB /* KSNAppDelegate.h */ = {isa = PBXFileReference; lastKnownFileType = sourcecode.c.h; path = KSNAppDelegate.h; sourceTree = "<group>"; };
		2990F6C6189704FC005D52BB /* KSNAppDelegate.m */ = {isa = PBXFileReference; lastKnownFileType = sourcecode.c.objc; path = KSNAppDelegate.m; sourceTree = "<group>"; };
		2990F6C9189704FC005D52BB /* Base */ = {isa = PBXFileReference; lastKnownFileType = file.storyboard; name = Base; path = Base.lproj/Main.storyboard; sourceTree = "<group>"; };
		2990F6CB189704FC005D52BB /* KSNViewController.h */ = {isa = PBXFileReference; lastKnownFileType = sourcecode.c.h; path = KSNViewController.h; sourceTree = "<group>"; };
		2990F6CC189704FC005D52BB /* KSNViewController.m */ = {isa = PBXFileReference; lastKnownFileType = sourcecode.c.objc; path = KSNViewController.m; sourceTree = "<group>"; };
		2990F6CE189704FC005D52BB /* Images.xcassets */ = {isa = PBXFileReference; lastKnownFileType = folder.assetcatalog; path = Images.xcassets; sourceTree = "<group>"; };
		2990F6D4189704FC005D52BB /* SoundCloudAppTests.xctest */ = {isa = PBXFileReference; explicitFileType = wrapper.cfbundle; includeInIndex = 0; path = SoundCloudAppTests.xctest; sourceTree = BUILT_PRODUCTS_DIR; };
		2990F6D5189704FC005D52BB /* XCTest.framework */ = {isa = PBXFileReference; lastKnownFileType = wrapper.framework; name = XCTest.framework; path = Library/Frameworks/XCTest.framework; sourceTree = DEVELOPER_DIR; };
		2990F6DD189704FC005D52BB /* SoundCloudAppTests-Info.plist */ = {isa = PBXFileReference; lastKnownFileType = text.plist.xml; path = "SoundCloudAppTests-Info.plist"; sourceTree = "<group>"; };
		2990F6DF189704FC005D52BB /* en */ = {isa = PBXFileReference; lastKnownFileType = text.plist.strings; name = en; path = en.lproj/InfoPlist.strings; sourceTree = "<group>"; };
		2990F6E1189704FC005D52BB /* SoundCloudAppTests.m */ = {isa = PBXFileReference; lastKnownFileType = sourcecode.c.objc; path = SoundCloudAppTests.m; sourceTree = "<group>"; };
/* End PBXFileReference section */

/* Begin PBXFrameworksBuildPhase section */
		2990F6B0189704FB005D52BB /* Frameworks */ = {
			isa = PBXFrameworksBuildPhase;
			buildActionMask = 2147483647;
			files = (
				2990F6B9189704FB005D52BB /* CoreGraphics.framework in Frameworks */,
				2990F6BB189704FB005D52BB /* UIKit.framework in Frameworks */,
				2990F6B7189704FB005D52BB /* Foundation.framework in Frameworks */,
			);
			runOnlyForDeploymentPostprocessing = 0;
		};
		2990F6D1189704FC005D52BB /* Frameworks */ = {
			isa = PBXFrameworksBuildPhase;
			buildActionMask = 2147483647;
			files = (
				2990F6D6189704FC005D52BB /* XCTest.framework in Frameworks */,
				2990F6D8189704FC005D52BB /* UIKit.framework in Frameworks */,
				2990F6D7189704FC005D52BB /* Foundation.framework in Frameworks */,
			);
			runOnlyForDeploymentPostprocessing = 0;
		};
/* End PBXFrameworksBuildPhase section */

/* Begin PBXGroup section */
		2990F6AA189704FB005D52BB = {
			isa = PBXGroup;
			children = (
				2990F6BC189704FB005D52BB /* SoundCloudApp */,
				2990F6DB189704FC005D52BB /* SoundCloudAppTests */,
				2990F6B5189704FB005D52BB /* Frameworks */,
				2990F6B4189704FB005D52BB /* Products */,
			);
			sourceTree = "<group>";
		};
		2990F6B4189704FB005D52BB /* Products */ = {
			isa = PBXGroup;
			children = (
				2990F6B3189704FB005D52BB /* SoundCloudApp.app */,
				2990F6D4189704FC005D52BB /* SoundCloudAppTests.xctest */,
			);
			name = Products;
			sourceTree = "<group>";
		};
		2990F6B5189704FB005D52BB /* Frameworks */ = {
			isa = PBXGroup;
			children = (
				2990F6B6189704FB005D52BB /* Foundation.framework */,
				2990F6B8189704FB005D52BB /* CoreGraphics.framework */,
				2990F6BA189704FB005D52BB /* UIKit.framework */,
				2990F6D5189704FC005D52BB /* XCTest.framework */,
			);
			name = Frameworks;
			sourceTree = "<group>";
		};
		2990F6BC189704FB005D52BB /* SoundCloudApp */ = {
			isa = PBXGroup;
			children = (
				2990F6C5189704FC005D52BB /* KSNAppDelegate.h */,
				2990F6C6189704FC005D52BB /* KSNAppDelegate.m */,
				2990F6C8189704FC005D52BB /* Main.storyboard */,
				2990F6CB189704FC005D52BB /* KSNViewController.h */,
				2990F6CC189704FC005D52BB /* KSNViewController.m */,
				2990F6CE189704FC005D52BB /* Images.xcassets */,
				2990F6BD189704FB005D52BB /* Supporting Files */,
			);
			path = SoundCloudApp;
			sourceTree = "<group>";
		};
		2990F6BD189704FB005D52BB /* Supporting Files */ = {
			isa = PBXGroup;
			children = (
				2990F6BE189704FC005D52BB /* SoundCloudApp-Info.plist */,
				2990F6BF189704FC005D52BB /* InfoPlist.strings */,
				2990F6C2189704FC005D52BB /* main.m */,
				2990F6C4189704FC005D52BB /* SoundCloudApp-Prefix.pch */,
			);
			name = "Supporting Files";
			sourceTree = "<group>";
		};
		2990F6DB189704FC005D52BB /* SoundCloudAppTests */ = {
			isa = PBXGroup;
			children = (
				2990F6E1189704FC005D52BB /* SoundCloudAppTests.m */,
				2990F6DC189704FC005D52BB /* Supporting Files */,
			);
			path = SoundCloudAppTests;
			sourceTree = "<group>";
		};
		2990F6DC189704FC005D52BB /* Supporting Files */ = {
			isa = PBXGroup;
			children = (
				2990F6DD189704FC005D52BB /* SoundCloudAppTests-Info.plist */,
				2990F6DE189704FC005D52BB /* InfoPlist.strings */,
			);
			name = "Supporting Files";
			sourceTree = "<group>";
		};
/* End PBXGroup section */

/* Begin PBXNativeTarget section */
		2990F6B2189704FB005D52BB /* SoundCloudApp */ = {
			isa = PBXNativeTarget;
			buildConfigurationList = 2990F6E5189704FC005D52BB /* Build configuration list for PBXNativeTarget "SoundCloudApp" */;
			buildPhases = (
				2990F6AF189704FB005D52BB /* Sources */,
				2990F6B0189704FB005D52BB /* Frameworks */,
				2990F6B1189704FB005D52BB /* Resources */,
			);
			buildRules = (
			);
			dependencies = (
			);
			name = SoundCloudApp;
			productName = SoundCloudApp;
			productReference = 2990F6B3189704FB005D52BB /* SoundCloudApp.app */;
			productType = "com.apple.product-type.application";
		};
		2990F6D3189704FC005D52BB /* SoundCloudAppTests */ = {
			isa = PBXNativeTarget;
			buildConfigurationList = 2990F6E8189704FC005D52BB /* Build configuration list for PBXNativeTarget "SoundCloudAppTests" */;
			buildPhases = (
				2990F6D0189704FC005D52BB /* Sources */,
				2990F6D1189704FC005D52BB /* Frameworks */,
				2990F6D2189704FC005D52BB /* Resources */,
			);
			buildRules = (
			);
			dependencies = (
				2990F6DA189704FC005D52BB /* PBXTargetDependency */,
			);
			name = SoundCloudAppTests;
			productName = SoundCloudAppTests;
			productReference = 2990F6D4189704FC005D52BB /* SoundCloudAppTests.xctest */;
			productType = "com.apple.product-type.bundle.unit-test";
		};
/* End PBXNativeTarget section */

/* Begin PBXProject section */
		2990F6AB189704FB005D52BB /* Project object */ = {
			isa = PBXProject;
			attributes = {
				CLASSPREFIX = KSN;
				LastUpgradeCheck = 0500;
				ORGANIZATIONNAME = ITP;
				TargetAttributes = {
					2990F6D3189704FC005D52BB = {
						TestTargetID = 2990F6B2189704FB005D52BB;
					};
				};
			};
			buildConfigurationList = 2990F6AE189704FB005D52BB /* Build configuration list for PBXProject "SoundCloudApp" */;
			compatibilityVersion = "Xcode 3.2";
			developmentRegion = English;
			hasScannedForEncodings = 0;
			knownRegions = (
				en,
				Base,
			);
			mainGroup = 2990F6AA189704FB005D52BB;
			productRefGroup = 2990F6B4189704FB005D52BB /* Products */;
			projectDirPath = "";
			projectRoot = "";
			targets = (
				2990F6B2189704FB005D52BB /* SoundCloudApp */,
				2990F6D3189704FC005D52BB /* SoundCloudAppTests */,
			);
		};
/* End PBXProject section */

/* Begin PBXResourcesBuildPhase section */
		2990F6B1189704FB005D52BB /* Resources */ = {
			isa = PBXResourcesBuildPhase;
			buildActionMask = 2147483647;
			files = (
				2990F6CF189704FC005D52BB /* Images.xcassets in Resources */,
				2990F6C1189704FC005D52BB /* InfoPlist.strings in Resources */,
				2990F6CA189704FC005D52BB /* Main.storyboard in Resources */,
			);
			runOnlyForDeploymentPostprocessing = 0;
		};
		2990F6D2189704FC005D52BB /* Resources */ = {
			isa = PBXResourcesBuildPhase;
			buildActionMask = 2147483647;
			files = (
				2990F6E0189704FC005D52BB /* InfoPlist.strings in Resources */,
			);
			runOnlyForDeploymentPostprocessing = 0;
		};
/* End PBXResourcesBuildPhase section */

/* Begin PBXSourcesBuildPhase section */
		2990F6AF189704FB005D52BB /* Sources */ = {
			isa = PBXSourcesBuildPhase;
			buildActionMask = 2147483647;
			files = (
				2990F6C3189704FC005D52BB /* main.m in Sources */,
				2990F6C7189704FC005D52BB /* KSNAppDelegate.m in Sources */,
				2990F6CD189704FC005D52BB /* KSNViewController.m in Sources */,
			);
			runOnlyForDeploymentPostprocessing = 0;
		};
		2990F6D0189704FC005D52BB /* Sources */ = {
			isa = PBXSourcesBuildPhase;
			buildActionMask = 2147483647;
			files = (
				2990F6E2189704FC005D52BB /* SoundCloudAppTests.m in Sources */,
			);
			runOnlyForDeploymentPostprocessing = 0;
		};
/* End PBXSourcesBuildPhase section */

/* Begin PBXTargetDependency section */
		2990F6DA189704FC005D52BB /* PBXTargetDependency */ = {
			isa = PBXTargetDependency;
			target = 2990F6B2189704FB005D52BB /* SoundCloudApp */;
			targetProxy = 2990F6D9189704FC005D52BB /* PBXContainerItemProxy */;
		};
/* End PBXTargetDependency section */

/* Begin PBXVariantGroup section */
		2990F6BF189704FC005D52BB /* InfoPlist.strings */ = {
			isa = PBXVariantGroup;
			children = (
				2990F6C0189704FC005D52BB /* en */,
			);
			name = InfoPlist.strings;
			sourceTree = "<group>";
		};
		2990F6C8189704FC005D52BB /* Main.storyboard */ = {
			isa = PBXVariantGroup;
			children = (
				2990F6C9189704FC005D52BB /* Base */,
			);
			name = Main.storyboard;
			sourceTree = "<group>";
		};
		2990F6DE189704FC005D52BB /* InfoPlist.strings */ = {
			isa = PBXVariantGroup;
			children = (
				2990F6DF189704FC005D52BB /* en */,
			);
			name = InfoPlist.strings;
			sourceTree = "<group>";
		};
/* End PBXVariantGroup section */

/* Begin XCBuildConfiguration section */
		2990F6E3189704FC005D52BB /* Debug */ = {
			isa = XCBuildConfiguration;
			buildSettings = {
				ALWAYS_SEARCH_USER_PATHS = NO;
				ARCHS = "$(ARCHS_STANDARD_INCLUDING_64_BIT)";
				CLANG_CXX_LANGUAGE_STANDARD = "gnu++0x";
				CLANG_CXX_LIBRARY = "libc++";
				CLANG_ENABLE_MODULES = YES;
				CLANG_ENABLE_OBJC_ARC = YES;
				CLANG_WARN_BOOL_CONVERSION = YES;
				CLANG_WARN_CONSTANT_CONVERSION = YES;
				CLANG_WARN_DIRECT_OBJC_ISA_USAGE = YES_ERROR;
				CLANG_WARN_EMPTY_BODY = YES;
				CLANG_WARN_ENUM_CONVERSION = YES;
				CLANG_WARN_INT_CONVERSION = YES;
				CLANG_WARN_OBJC_ROOT_CLASS = YES_ERROR;
				CLANG_WARN__DUPLICATE_METHOD_MATCH = YES;
				"CODE_SIGN_IDENTITY[sdk=iphoneos*]" = "iPhone Developer";
				COPY_PHASE_STRIP = NO;
				GCC_C_LANGUAGE_STANDARD = gnu99;
				GCC_DYNAMIC_NO_PIC = NO;
				GCC_OPTIMIZATION_LEVEL = 0;
				GCC_PREPROCESSOR_DEFINITIONS = (
					"DEBUG=1",
					"$(inherited)",
				);
				GCC_SYMBOLS_PRIVATE_EXTERN = NO;
				GCC_WARN_64_TO_32_BIT_CONVERSION = YES;
				GCC_WARN_ABOUT_RETURN_TYPE = YES_ERROR;
				GCC_WARN_UNDECLARED_SELECTOR = YES;
				GCC_WARN_UNINITIALIZED_AUTOS = YES;
				GCC_WARN_UNUSED_FUNCTION = YES;
				GCC_WARN_UNUSED_VARIABLE = YES;
				IPHONEOS_DEPLOYMENT_TARGET = 7.0;
				ONLY_ACTIVE_ARCH = YES;
				SDKROOT = iphoneos;
			};
			name = Debug;
		};
		2990F6E4189704FC005D52BB /* Release */ = {
			isa = XCBuildConfiguration;
			buildSettings = {
				ALWAYS_SEARCH_USER_PATHS = NO;
				ARCHS = "$(ARCHS_STANDARD_INCLUDING_64_BIT)";
				CLANG_CXX_LANGUAGE_STANDARD = "gnu++0x";
				CLANG_CXX_LIBRARY = "libc++";
				CLANG_ENABLE_MODULES = YES;
				CLANG_ENABLE_OBJC_ARC = YES;
				CLANG_WARN_BOOL_CONVERSION = YES;
				CLANG_WARN_CONSTANT_CONVERSION = YES;
				CLANG_WARN_DIRECT_OBJC_ISA_USAGE = YES_ERROR;
				CLANG_WARN_EMPTY_BODY = YES;
				CLANG_WARN_ENUM_CONVERSION = YES;
				CLANG_WARN_INT_CONVERSION = YES;
				CLANG_WARN_OBJC_ROOT_CLASS = YES_ERROR;
				CLANG_WARN__DUPLICATE_METHOD_MATCH = YES;
				"CODE_SIGN_IDENTITY[sdk=iphoneos*]" = "iPhone Developer";
				COPY_PHASE_STRIP = YES;
				ENABLE_NS_ASSERTIONS = NO;
				GCC_C_LANGUAGE_STANDARD = gnu99;
				GCC_WARN_64_TO_32_BIT_CONVERSION = YES;
				GCC_WARN_ABOUT_RETURN_TYPE = YES_ERROR;
				GCC_WARN_UNDECLARED_SELECTOR = YES;
				GCC_WARN_UNINITIALIZED_AUTOS = YES;
				GCC_WARN_UNUSED_FUNCTION = YES;
				GCC_WARN_UNUSED_VARIABLE = YES;
				IPHONEOS_DEPLOYMENT_TARGET = 7.0;
				SDKROOT = iphoneos;
				VALIDATE_PRODUCT = YES;
			};
			name = Release;
		};
		2990F6E6189704FC005D52BB /* Debug */ = {
			isa = XCBuildConfiguration;
			buildSettings = {
				ASSETCATALOG_COMPILER_APPICON_NAME = AppIcon;
				ASSETCATALOG_COMPILER_LAUNCHIMAGE_NAME = LaunchImage;
				GCC_PRECOMPILE_PREFIX_HEADER = YES;
				GCC_PREFIX_HEADER = "SoundCloudApp/SoundCloudApp-Prefix.pch";
				INFOPLIST_FILE = "SoundCloudApp/SoundCloudApp-Info.plist";
				PRODUCT_NAME = "$(TARGET_NAME)";
				WRAPPER_EXTENSION = app;
			};
			name = Debug;
		};
		2990F6E7189704FC005D52BB /* Release */ = {
			isa = XCBuildConfiguration;
			buildSettings = {
				ASSETCATALOG_COMPILER_APPICON_NAME = AppIcon;
				ASSETCATALOG_COMPILER_LAUNCHIMAGE_NAME = LaunchImage;
				GCC_PRECOMPILE_PREFIX_HEADER = YES;
				GCC_PREFIX_HEADER = "SoundCloudApp/SoundCloudApp-Prefix.pch";
				INFOPLIST_FILE = "SoundCloudApp/SoundCloudApp-Info.plist";
				PRODUCT_NAME = "$(TARGET_NAME)";
				WRAPPER_EXTENSION = app;
			};
			name = Release;
		};
		2990F6E9189704FC005D52BB /* Debug */ = {
			isa = XCBuildConfiguration;
			buildSettings = {
				ARCHS = "$(ARCHS_STANDARD_INCLUDING_64_BIT)";
				BUNDLE_LOADER = "$(BUILT_PRODUCTS_DIR)/SoundCloudApp.app/SoundCloudApp";
				FRAMEWORK_SEARCH_PATHS = (
					"$(SDKROOT)/Developer/Library/Frameworks",
					"$(inherited)",
					"$(DEVELOPER_FRAMEWORKS_DIR)",
				);
				GCC_PRECOMPILE_PREFIX_HEADER = YES;
				GCC_PREFIX_HEADER = "SoundCloudApp/SoundCloudApp-Prefix.pch";
				GCC_PREPROCESSOR_DEFINITIONS = (
					"DEBUG=1",
					"$(inherited)",
				);
				INFOPLIST_FILE = "SoundCloudAppTests/SoundCloudAppTests-Info.plist";
				PRODUCT_NAME = "$(TARGET_NAME)";
				TEST_HOST = "$(BUNDLE_LOADER)";
				WRAPPER_EXTENSION = xctest;
			};
			name = Debug;
		};
		2990F6EA189704FC005D52BB /* Release */ = {
			isa = XCBuildConfiguration;
			buildSettings = {
				ARCHS = "$(ARCHS_STANDARD_INCLUDING_64_BIT)";
				BUNDLE_LOADER = "$(BUILT_PRODUCTS_DIR)/SoundCloudApp.app/SoundCloudApp";
				FRAMEWORK_SEARCH_PATHS = (
					"$(SDKROOT)/Developer/Library/Frameworks",
					"$(inherited)",
					"$(DEVELOPER_FRAMEWORKS_DIR)",
				);
				GCC_PRECOMPILE_PREFIX_HEADER = YES;
				GCC_PREFIX_HEADER = "SoundCloudApp/SoundCloudApp-Prefix.pch";
				INFOPLIST_FILE = "SoundCloudAppTests/SoundCloudAppTests-Info.plist";
				PRODUCT_NAME = "$(TARGET_NAME)";
				TEST_HOST = "$(BUNDLE_LOADER)";
				WRAPPER_EXTENSION = xctest;
			};
			name = Release;
		};
/* End XCBuildConfiguration section */

/* Begin XCConfigurationList section */
		2990F6AE189704FB005D52BB /* Build configuration list for PBXProject "SoundCloudApp" */ = {
			isa = XCConfigurationList;
			buildConfigurations = (
				2990F6E3189704FC005D52BB /* Debug */,
				2990F6E4189704FC005D52BB /* Release */,
			);
			defaultConfigurationIsVisible = 0;
			defaultConfigurationName = Release;
		};
		2990F6E5189704FC005D52BB /* Build configuration list for PBXNativeTarget "SoundCloudApp" */ = {
			isa = XCConfigurationList;
			buildConfigurations = (
				2990F6E6189704FC005D52BB /* Debug */,
				2990F6E7189704FC005D52BB /* Release */,
			);
			defaultConfigurationIsVisible = 0;
		};
		2990F6E8189704FC005D52BB /* Build configuration list for PBXNativeTarget "SoundCloudAppTests" */ = {
			isa = XCConfigurationList;
			buildConfigurations = (
				2990F6E9189704FC005D52BB /* Debug */,
				2990F6EA189704FC005D52BB /* Release */,
			);
			defaultConfigurationIsVisible = 0;
		};
/* End XCConfigurationList section */
	};
	rootObject = 2990F6AB189704FB005D52BB /* Project object */;
}
